
Microsoft Visual Studio Solution File, Format Version 12.00
# Visual Studio Version 16
VisualStudioVersion = 16.0.29411.108
MinimumVisualStudioVersion = 10.0.40219.1
Project("{9A19103F-16F7-4668-BE54-9A1E7A4F7556}") = "Notifi.NET.Singletons", "Notifi.NET.Singletons\Notifi.NET.Singletons.csproj", "{2BF762CB-D02B-4663-9824-9369FDA24286}"
EndProject
Project("{9A19103F-16F7-4668-BE54-9A1E7A4F7556}") = "Notifi.NET.Logging", "Notifi.NET.Logging\Notifi.NET.Logging.csproj", "{60BB91EC-9290-4143-A39A-530BFEEEA467}"
EndProject
Project("{9A19103F-16F7-4668-BE54-9A1E7A4F7556}") = "Notifi.NET.DatabaseContext", "Notifi.NET.DatabaseContext\Notifi.NET.DatabaseContext.csproj", "{1EA87047-07AB-4A7E-98B5-0BEE485897DF}"
EndProject
Project("{2150E333-8FDC-42A3-9474-1A3956D46DE8}") = "Solution Items", "Solution Items", "{D68BB395-55B9-461C-9349-73317CA6E4CA}"
	ProjectSection(SolutionItems) = preProject
		Directory.Build.props = Directory.Build.props
		LICENSE = LICENSE
		logo.png = logo.png
	EndProjectSection
EndProject
Global
	GlobalSection(SolutionConfigurationPlatforms) = preSolution
		Debug|Any CPU = Debug|Any CPU
		Debug|x64 = Debug|x64
		Debug|x86 = Debug|x86
		Release|Any CPU = Release|Any CPU
		Release|x64 = Release|x64
		Release|x86 = Release|x86
	EndGlobalSection
	GlobalSection(ProjectConfigurationPlatforms) = postSolution
		{2BF762CB-D02B-4663-9824-9369FDA24286}.Debug|Any CPU.ActiveCfg = Debug|Any CPU
		{2BF762CB-D02B-4663-9824-9369FDA24286}.Debug|Any CPU.Build.0 = Debug|Any CPU
		{2BF762CB-D02B-4663-9824-9369FDA24286}.Debug|x64.ActiveCfg = Debug|Any CPU
		{2BF762CB-D02B-4663-9824-9369FDA24286}.Debug|x64.Build.0 = Debug|Any CPU
		{2BF762CB-D02B-4663-9824-9369FDA24286}.Debug|x86.ActiveCfg = Debug|Any CPU
		{2BF762CB-D02B-4663-9824-9369FDA24286}.Debug|x86.Build.0 = Debug|Any CPU
		{2BF762CB-D02B-4663-9824-9369FDA24286}.Release|Any CPU.ActiveCfg = Release|Any CPU
		{2BF762CB-D02B-4663-9824-9369FDA24286}.Release|Any CPU.Build.0 = Release|Any CPU
		{2BF762CB-D02B-4663-9824-9369FDA24286}.Release|x64.ActiveCfg = Release|Any CPU
		{2BF762CB-D02B-4663-9824-9369FDA24286}.Release|x64.Build.0 = Release|Any CPU
		{2BF762CB-D02B-4663-9824-9369FDA24286}.Release|x86.ActiveCfg = Release|Any CPU
		{2BF762CB-D02B-4663-9824-9369FDA24286}.Release|x86.Build.0 = Release|Any CPU
		{60BB91EC-9290-4143-A39A-530BFEEEA467}.Debug|Any CPU.ActiveCfg = Debug|Any CPU
		{60BB91EC-9290-4143-A39A-530BFEEEA467}.Debug|Any CPU.Build.0 = Debug|Any CPU
		{60BB91EC-9290-4143-A39A-530BFEEEA467}.Debug|x64.ActiveCfg = Debug|Any CPU
		{60BB91EC-9290-4143-A39A-530BFEEEA467}.Debug|x64.Build.0 = Debug|Any CPU
		{60BB91EC-9290-4143-A39A-530BFEEEA467}.Debug|x86.ActiveCfg = Debug|Any CPU
		{60BB91EC-9290-4143-A39A-530BFEEEA467}.Debug|x86.Build.0 = Debug|Any CPU
		{60BB91EC-9290-4143-A39A-530BFEEEA467}.Release|Any CPU.ActiveCfg = Release|Any CPU
		{60BB91EC-9290-4143-A39A-530BFEEEA467}.Release|Any CPU.Build.0 = Release|Any CPU
		{60BB91EC-9290-4143-A39A-530BFEEEA467}.Release|x64.ActiveCfg = Release|Any CPU
		{60BB91EC-9290-4143-A39A-530BFEEEA467}.Release|x64.Build.0 = Release|Any CPU
		{60BB91EC-9290-4143-A39A-530BFEEEA467}.Release|x86.ActiveCfg = Release|Any CPU
		{60BB91EC-9290-4143-A39A-530BFEEEA467}.Release|x86.Build.0 = Release|Any CPU
		{1EA87047-07AB-4A7E-98B5-0BEE485897DF}.Debug|Any CPU.ActiveCfg = Debug|Any CPU
		{1EA87047-07AB-4A7E-98B5-0BEE485897DF}.Debug|Any CPU.Build.0 = Debug|Any CPU
		{1EA87047-07AB-4A7E-98B5-0BEE485897DF}.Debug|x64.ActiveCfg = Release|x64
		{1EA87047-07AB-4A7E-98B5-0BEE485897DF}.Debug|x64.Build.0 = Release|x64
		{1EA87047-07AB-4A7E-98B5-0BEE485897DF}.Debug|x86.ActiveCfg = Debug|x86
		{1EA87047-07AB-4A7E-98B5-0BEE485897DF}.Debug|x86.Build.0 = Debug|x86
		{1EA87047-07AB-4A7E-98B5-0BEE485897DF}.Release|Any CPU.ActiveCfg = Release|Any CPU
		{1EA87047-07AB-4A7E-98B5-0BEE485897DF}.Release|Any CPU.Build.0 = Release|Any CPU
		{1EA87047-07AB-4A7E-98B5-0BEE485897DF}.Release|x64.ActiveCfg = Release|x64
		{1EA87047-07AB-4A7E-98B5-0BEE485897DF}.Release|x64.Build.0 = Release|x64
		{1EA87047-07AB-4A7E-98B5-0BEE485897DF}.Release|x86.ActiveCfg = Release|x86
		{1EA87047-07AB-4A7E-98B5-0BEE485897DF}.Release|x86.Build.0 = Release|x86
	EndGlobalSection
	GlobalSection(SolutionProperties) = preSolution
		HideSolutionNode = FALSE
	EndGlobalSection
	GlobalSection(ExtensibilityGlobals) = postSolution
		SolutionGuid = {A86D162B-B747-4EA6-9076-3CB26C9DFD86}
	EndGlobalSection
EndGlobal
